
Microsoft Visual Studio Solution File, Format Version 12.00
# Visual Studio 2013
VisualStudioVersion = 12.0.30723.0
MinimumVisualStudioVersion = 10.0.40219.1
Project("{FAE04EC0-301F-11D3-BF4B-00C04F79EFBC}") = "FactorySimulator", "FactorySimulator\FactorySimulator.csproj", "{0FFA6F83-6A2F-4AA0-838B-74C1D8C98F0A}"
EndProject
Project("{FAE04EC0-301F-11D3-BF4B-00C04F79EFBC}") = "WebPortal", "WebPortal\WebPortal.csproj", "{3FFB8325-BE6D-4A67-A2EA-8A264933883E}"
EndProject
Project("{FAE04EC0-301F-11D3-BF4B-00C04F79EFBC}") = "WebPortal.Tests", "WebPortal.Tests\WebPortal.Tests.csproj", "{76EE4EF0-1178-4E25-AE7D-40096F11799B}"
EndProject
Project("{FAE04EC0-301F-11D3-BF4B-00C04F79EFBC}") = "Infrastructure.CQRS", "Infrastructure.CQRS\Infrastructure.CQRS.csproj", "{A8A7E179-29B4-4CAC-BC3C-8F6711805137}"
EndProject
Project("{FAE04EC0-301F-11D3-BF4B-00C04F79EFBC}") = "Domain.Production", "Domain.Factory\Domain.Production.csproj", "{EF40AE8D-127E-49ED-96CD-5BA64A04E032}"
EndProject
Project("{FAE04EC0-301F-11D3-BF4B-00C04F79EFBC}") = "Domain.Warehouse", "Domain.Warehouse\Domain.Warehouse.csproj", "{491F5BB6-5B20-4403-8FDF-E16A56298D64}"
EndProject
Project("{FAE04EC0-301F-11D3-BF4B-00C04F79EFBC}") = "Infrastructure.CQRS.Tests", "Infrastructure.CQRS.Tests\Infrastructure.CQRS.Tests.csproj", "{E048B21A-38C7-4EF2-8C2B-AA250FACCA3F}"
EndProject
Project("{FAE04EC0-301F-11D3-BF4B-00C04F79EFBC}") = "Infrastructure.Web", "Infrastructure.Web\Infrastructure.Web.csproj", "{28F1FB5B-D9D9-4F02-8612-B9FF31A8A4F9}"
EndProject
Project("{FAE04EC0-301F-11D3-BF4B-00C04F79EFBC}") = "Domain.Materials", "Domain.Materials\Domain.Materials.csproj", "{C53B2538-B1FD-471D-ABB6-0BFC2D774ACF}"
EndProject
Project("{FAE04EC0-301F-11D3-BF4B-00C04F79EFBC}") = "Persistance.ReadModels", "Persistance.ReadModels\Persistance.ReadModels.csproj", "{A1504B82-2783-46E2-8328-72899E20583C}"
EndProject
Project("{FAE04EC0-301F-11D3-BF4B-00C04F79EFBC}") = "ReadModels.Factory", "ReadModels.Factory\ReadModels.Factory.csproj", "{5F0AA0F0-446A-4303-8EC3-4F05768E4652}"
EndProject
Project("{FAE04EC0-301F-11D3-BF4B-00C04F79EFBC}") = "Domain.Shipping", "Domain.Shipping\Domain.Shipping.csproj", "{4EA7C506-CD7F-4065-82A3-DCA564B60045}"
EndProject
Global
	GlobalSection(SolutionConfigurationPlatforms) = preSolution
		Debug|Any CPU = Debug|Any CPU
		Release|Any CPU = Release|Any CPU
	EndGlobalSection
	GlobalSection(ProjectConfigurationPlatforms) = postSolution
		{0FFA6F83-6A2F-4AA0-838B-74C1D8C98F0A}.Debug|Any CPU.ActiveCfg = Debug|Any CPU
		{0FFA6F83-6A2F-4AA0-838B-74C1D8C98F0A}.Debug|Any CPU.Build.0 = Debug|Any CPU
		{0FFA6F83-6A2F-4AA0-838B-74C1D8C98F0A}.Release|Any CPU.ActiveCfg = Release|Any CPU
		{0FFA6F83-6A2F-4AA0-838B-74C1D8C98F0A}.Release|Any CPU.Build.0 = Release|Any CPU
		{3FFB8325-BE6D-4A67-A2EA-8A264933883E}.Debug|Any CPU.ActiveCfg = Debug|Any CPU
		{3FFB8325-BE6D-4A67-A2EA-8A264933883E}.Debug|Any CPU.Build.0 = Debug|Any CPU
		{3FFB8325-BE6D-4A67-A2EA-8A264933883E}.Release|Any CPU.ActiveCfg = Release|Any CPU
		{3FFB8325-BE6D-4A67-A2EA-8A264933883E}.Release|Any CPU.Build.0 = Release|Any CPU
		{76EE4EF0-1178-4E25-AE7D-40096F11799B}.Debug|Any CPU.ActiveCfg = Debug|Any CPU
		{76EE4EF0-1178-4E25-AE7D-40096F11799B}.Debug|Any CPU.Build.0 = Debug|Any CPU
		{76EE4EF0-1178-4E25-AE7D-40096F11799B}.Release|Any CPU.ActiveCfg = Release|Any CPU
		{76EE4EF0-1178-4E25-AE7D-40096F11799B}.Release|Any CPU.Build.0 = Release|Any CPU
		{A8A7E179-29B4-4CAC-BC3C-8F6711805137}.Debug|Any CPU.ActiveCfg = Debug|Any CPU
		{A8A7E179-29B4-4CAC-BC3C-8F6711805137}.Debug|Any CPU.Build.0 = Debug|Any CPU
		{A8A7E179-29B4-4CAC-BC3C-8F6711805137}.Release|Any CPU.ActiveCfg = Release|Any CPU
		{A8A7E179-29B4-4CAC-BC3C-8F6711805137}.Release|Any CPU.Build.0 = Release|Any CPU
		{EF40AE8D-127E-49ED-96CD-5BA64A04E032}.Debug|Any CPU.ActiveCfg = Debug|Any CPU
		{EF40AE8D-127E-49ED-96CD-5BA64A04E032}.Debug|Any CPU.Build.0 = Debug|Any CPU
		{EF40AE8D-127E-49ED-96CD-5BA64A04E032}.Release|Any CPU.ActiveCfg = Release|Any CPU
		{EF40AE8D-127E-49ED-96CD-5BA64A04E032}.Release|Any CPU.Build.0 = Release|Any CPU
		{491F5BB6-5B20-4403-8FDF-E16A56298D64}.Debug|Any CPU.ActiveCfg = Debug|Any CPU
		{491F5BB6-5B20-4403-8FDF-E16A56298D64}.Debug|Any CPU.Build.0 = Debug|Any CPU
		{491F5BB6-5B20-4403-8FDF-E16A56298D64}.Release|Any CPU.ActiveCfg = Release|Any CPU
		{491F5BB6-5B20-4403-8FDF-E16A56298D64}.Release|Any CPU.Build.0 = Release|Any CPU
		{E048B21A-38C7-4EF2-8C2B-AA250FACCA3F}.Debug|Any CPU.ActiveCfg = Debug|Any CPU
		{E048B21A-38C7-4EF2-8C2B-AA250FACCA3F}.Debug|Any CPU.Build.0 = Debug|Any CPU
		{E048B21A-38C7-4EF2-8C2B-AA250FACCA3F}.Release|Any CPU.ActiveCfg = Release|Any CPU
		{E048B21A-38C7-4EF2-8C2B-AA250FACCA3F}.Release|Any CPU.Build.0 = Release|Any CPU
		{28F1FB5B-D9D9-4F02-8612-B9FF31A8A4F9}.Debug|Any CPU.ActiveCfg = Debug|Any CPU
		{28F1FB5B-D9D9-4F02-8612-B9FF31A8A4F9}.Debug|Any CPU.Build.0 = Debug|Any CPU
		{28F1FB5B-D9D9-4F02-8612-B9FF31A8A4F9}.Release|Any CPU.ActiveCfg = Release|Any CPU
		{28F1FB5B-D9D9-4F02-8612-B9FF31A8A4F9}.Release|Any CPU.Build.0 = Release|Any CPU
		{C53B2538-B1FD-471D-ABB6-0BFC2D774ACF}.Debug|Any CPU.ActiveCfg = Debug|Any CPU
		{C53B2538-B1FD-471D-ABB6-0BFC2D774ACF}.Debug|Any CPU.Build.0 = Debug|Any CPU
		{C53B2538-B1FD-471D-ABB6-0BFC2D774ACF}.Release|Any CPU.ActiveCfg = Release|Any CPU
		{C53B2538-B1FD-471D-ABB6-0BFC2D774ACF}.Release|Any CPU.Build.0 = Release|Any CPU
		{A1504B82-2783-46E2-8328-72899E20583C}.Debug|Any CPU.ActiveCfg = Debug|Any CPU
		{A1504B82-2783-46E2-8328-72899E20583C}.Debug|Any CPU.Build.0 = Debug|Any CPU
		{A1504B82-2783-46E2-8328-72899E20583C}.Release|Any CPU.ActiveCfg = Release|Any CPU
		{A1504B82-2783-46E2-8328-72899E20583C}.Release|Any CPU.Build.0 = Release|Any CPU
		{5F0AA0F0-446A-4303-8EC3-4F05768E4652}.Debug|Any CPU.ActiveCfg = Debug|Any CPU
		{5F0AA0F0-446A-4303-8EC3-4F05768E4652}.Debug|Any CPU.Build.0 = Debug|Any CPU
		{5F0AA0F0-446A-4303-8EC3-4F05768E4652}.Release|Any CPU.ActiveCfg = Release|Any CPU
		{5F0AA0F0-446A-4303-8EC3-4F05768E4652}.Release|Any CPU.Build.0 = Release|Any CPU
		{4EA7C506-CD7F-4065-82A3-DCA564B60045}.Debug|Any CPU.ActiveCfg = Debug|Any CPU
		{4EA7C506-CD7F-4065-82A3-DCA564B60045}.Debug|Any CPU.Build.0 = Debug|Any CPU
		{4EA7C506-CD7F-4065-82A3-DCA564B60045}.Release|Any CPU.ActiveCfg = Release|Any CPU
		{4EA7C506-CD7F-4065-82A3-DCA564B60045}.Release|Any CPU.Build.0 = Release|Any CPU
	EndGlobalSection
	GlobalSection(SolutionProperties) = preSolution
		HideSolutionNode = FALSE
	EndGlobalSection
EndGlobal
